
Microsoft Visual Studio Solution File, Format Version 12.00
# Visual Studio 15
VisualStudioVersion = 15.0.27004.2006
MinimumVisualStudioVersion = 10.0.40219.1
Project("{FAE04EC0-301F-11D3-BF4B-00C04F79EFBC}") = "Common.DataAccess", "Common.DataAccess\Common.DataAccess.csproj", "{8D77568C-56E5-4A4F-A47D-53B3EBF926D2}"
EndProject
Global
	GlobalSection(SolutionConfigurationPlatforms) = preSolution
		Debug|Any CPU = Debug|Any CPU
		Release|Any CPU = Release|Any CPU
	EndGlobalSection
	GlobalSection(ProjectConfigurationPlatforms) = postSolution
		{8D77568C-56E5-4A4F-A47D-53B3EBF926D2}.Debug|Any CPU.ActiveCfg = Debug|Any CPU
		{8D77568C-56E5-4A4F-A47D-53B3EBF926D2}.Debug|Any CPU.Build.0 = Debug|Any CPU
		{8D77568C-56E5-4A4F-A47D-53B3EBF926D2}.Release|Any CPU.ActiveCfg = Release|Any CPU
		{8D77568C-56E5-4A4F-A47D-53B3EBF926D2}.Release|Any CPU.Build.0 = Release|Any CPU
	EndGlobalSection
	GlobalSection(SolutionProperties) = preSolution
		HideSolutionNode = FALSE
	EndGlobalSection
	GlobalSection(ExtensibilityGlobals) = postSolution
		SolutionGuid = {25D594B7-7F1A-4C57-AD6D-00E8A07A345C}
	EndGlobalSection
EndGlobal
